
Microsoft Visual Studio Solution File, Format Version 12.00
# Visual Studio Version 16
VisualStudioVersion = 16.0.30011.22
MinimumVisualStudioVersion = 10.0.40219.1
Project("{FAE04EC0-301F-11D3-BF4B-00C04F79EFBC}") = "WeavrGraphTestbed", "WeavrGraphTestbed.csproj", "{CB7B020B-9BF1-48C3-9B0E-1860B8698940}"
EndProject
Project("{FAE04EC0-301F-11D3-BF4B-00C04F79EFBC}") = "WeavrGraphLibrary", "..\WeavrGraphLibrary\WeavrGraphLibrary.csproj", "{4C112EDA-B20D-4014-BD38-CA3D0BEFF738}"
EndProject
Global
	GlobalSection(SolutionConfigurationPlatforms) = preSolution
		Debug|Any CPU = Debug|Any CPU
		Release|Any CPU = Release|Any CPU
	EndGlobalSection
	GlobalSection(ProjectConfigurationPlatforms) = postSolution
		{CB7B020B-9BF1-48C3-9B0E-1860B8698940}.Debug|Any CPU.ActiveCfg = Debug|Any CPU
		{CB7B020B-9BF1-48C3-9B0E-1860B8698940}.Debug|Any CPU.Build.0 = Debug|Any CPU
		{CB7B020B-9BF1-48C3-9B0E-1860B8698940}.Release|Any CPU.ActiveCfg = Release|Any CPU
		{CB7B020B-9BF1-48C3-9B0E-1860B8698940}.Release|Any CPU.Build.0 = Release|Any CPU
		{4C112EDA-B20D-4014-BD38-CA3D0BEFF738}.Debug|Any CPU.ActiveCfg = Debug|Any CPU
		{4C112EDA-B20D-4014-BD38-CA3D0BEFF738}.Debug|Any CPU.Build.0 = Debug|Any CPU
		{4C112EDA-B20D-4014-BD38-CA3D0BEFF738}.Release|Any CPU.ActiveCfg = Release|Any CPU
		{4C112EDA-B20D-4014-BD38-CA3D0BEFF738}.Release|Any CPU.Build.0 = Release|Any CPU
	EndGlobalSection
	GlobalSection(SolutionProperties) = preSolution
		HideSolutionNode = FALSE
	EndGlobalSection
	GlobalSection(ExtensibilityGlobals) = postSolution
		SolutionGuid = {6650FE28-7646-4D73-B673-E015B46E5705}
	EndGlobalSection
EndGlobal
